{
    "_meta": {
        "hash": {
            "sha256": "9fc992401570d05527a6dec06d9bae67116e4f1aa4313de59cb9e9a6dc5d7ff9"
        },
        "pipfile-spec": 6,
        "requires": {
            "python_version": "3.10"
        },
        "sources": [
            {
                "name": "pypi",
                "url": "https://pypi.org/simple",
                "verify_ssl": true
            }
        ]
    },
    "default": {
        "annotated-types": {
            "hashes": [
                "sha256:1f02e8b43a8fbbc3f3e0d4f0f4bfc8131bcb4eebe8849b8e5c773f3a1c582a53",
                "sha256:aff07c09a53a08bc8cfccb9c85b05f1aa9a2a6f23728d790723543408344ce89"
            ],
            "markers": "python_version >= '3.8'",
            "version": "==0.7.0"
        },
        "anyio": {
            "hashes": [
                "sha256:1d9fe889df5212298c0c0723fa20479d1b94883a2df44bd3897aa91083316f7a",
                "sha256:b5011f270ab5eb0abf13385f851315585cc37ef330dd88e27ec3d34d651fd47a"
            ],
            "markers": "python_version >= '3.9'",
            "version": "==4.8.0"
        },
        "certifi": {
            "hashes": [
                "sha256:3d5da6925056f6f18f119200434a4780a94263f10d1c21d032a6f6b2baa20651",
                "sha256:ca78db4565a652026a4db2bcdf68f2fb589ea80d0be70e03929ed730746b84fe"
            ],
            "markers": "python_version >= '3.6'",
            "version": "==2025.1.31"
        },
        "charset-normalizer": {
            "hashes": [
                "sha256:0167ddc8ab6508fe81860a57dd472b2ef4060e8d378f0cc555707126830f2537",
                "sha256:01732659ba9b5b873fc117534143e4feefecf3b2078b0a6a2e925271bb6f4cfa",
                "sha256:01ad647cdd609225c5350561d084b42ddf732f4eeefe6e678765636791e78b9a",
                "sha256:04432ad9479fa40ec0f387795ddad4437a2b50417c69fa275e212933519ff294",
                "sha256:0907f11d019260cdc3f94fbdb23ff9125f6b5d1039b76003b5b0ac9d6a6c9d5b",
                "sha256:0924e81d3d5e70f8126529951dac65c1010cdf117bb75eb02dd12339b57749dd",
                "sha256:09b26ae6b1abf0d27570633b2b078a2a20419c99d66fb2823173d73f188ce601",
                "sha256:09b5e6733cbd160dcc09589227187e242a30a49ca5cefa5a7edd3f9d19ed53fd",
                "sha256:0af291f4fe114be0280cdd29d533696a77b5b49cfde5467176ecab32353395c4",
                "sha256:0f55e69f030f7163dffe9fd0752b32f070566451afe180f99dbeeb81f511ad8d",
                "sha256:1a2bc9f351a75ef49d664206d51f8e5ede9da246602dc2d2726837620ea034b2",
                "sha256:22e14b5d70560b8dd51ec22863f370d1e595ac3d024cb8ad7d308b4cd95f8313",
                "sha256:234ac59ea147c59ee4da87a0c0f098e9c8d169f4dc2a159ef720f1a61bbe27cd",
                "sha256:2369eea1ee4a7610a860d88f268eb39b95cb588acd7235e02fd5a5601773d4fa",
                "sha256:237bdbe6159cff53b4f24f397d43c6336c6b0b42affbe857970cefbb620911c8",
                "sha256:28bf57629c75e810b6ae989f03c0828d64d6b26a5e205535585f96093e405ed1",
                "sha256:2967f74ad52c3b98de4c3b32e1a44e32975e008a9cd2a8cc8966d6a5218c5cb2",
                "sha256:2a75d49014d118e4198bcee5ee0a6f25856b29b12dbf7cd012791f8a6cc5c496",
                "sha256:2bdfe3ac2e1bbe5b59a1a63721eb3b95fc9b6817ae4a46debbb4e11f6232428d",
                "sha256:2d074908e1aecee37a7635990b2c6d504cd4766c7bc9fc86d63f9c09af3fa11b",
                "sha256:2fb9bd477fdea8684f78791a6de97a953c51831ee2981f8e4f583ff3b9d9687e",
                "sha256:311f30128d7d333eebd7896965bfcfbd0065f1716ec92bd5638d7748eb6f936a",
                "sha256:329ce159e82018d646c7ac45b01a430369d526569ec08516081727a20e9e4af4",
                "sha256:345b0426edd4e18138d6528aed636de7a9ed169b4aaf9d61a8c19e39d26838ca",
                "sha256:363e2f92b0f0174b2f8238240a1a30142e3db7b957a5dd5689b0e75fb717cc78",
                "sha256:3a3bd0dcd373514dcec91c411ddb9632c0d7d92aed7093b8c3bbb6d69ca74408",
                "sha256:3bed14e9c89dcb10e8f3a29f9ccac4955aebe93c71ae803af79265c9ca5644c5",
                "sha256:44251f18cd68a75b56585dd00dae26183e102cd5e0f9f1466e6df5da2ed64ea3",
                "sha256:44ecbf16649486d4aebafeaa7ec4c9fed8b88101f4dd612dcaf65d5e815f837f",
                "sha256:4532bff1b8421fd0a320463030c7520f56a79c9024a4e88f01c537316019005a",
                "sha256:49402233c892a461407c512a19435d1ce275543138294f7ef013f0b63d5d3765",
                "sha256:4c0907b1928a36d5a998d72d64d8eaa7244989f7aaaf947500d3a800c83a3fd6",
                "sha256:4d86f7aff21ee58f26dcf5ae81a9addbd914115cdebcbb2217e4f0ed8982e146",
                "sha256:5777ee0881f9499ed0f71cc82cf873d9a0ca8af166dfa0af8ec4e675b7df48e6",
                "sha256:5df196eb874dae23dcfb968c83d4f8fdccb333330fe1fc278ac5ceeb101003a9",
                "sha256:619a609aa74ae43d90ed2e89bdd784765de0a25ca761b93e196d938b8fd1dbbd",
                "sha256:6e27f48bcd0957c6d4cb9d6fa6b61d192d0b13d5ef563e5f2ae35feafc0d179c",
                "sha256:6ff8a4a60c227ad87030d76e99cd1698345d4491638dfa6673027c48b3cd395f",
                "sha256:73d94b58ec7fecbc7366247d3b0b10a21681004153238750bb67bd9012414545",
                "sha256:7461baadb4dc00fd9e0acbe254e3d7d2112e7f92ced2adc96e54ef6501c5f176",
                "sha256:75832c08354f595c760a804588b9357d34ec00ba1c940c15e31e96d902093770",
                "sha256:7709f51f5f7c853f0fb938bcd3bc59cdfdc5203635ffd18bf354f6967ea0f824",
                "sha256:78baa6d91634dfb69ec52a463534bc0df05dbd546209b79a3880a34487f4b84f",
                "sha256:7974a0b5ecd505609e3b19742b60cee7aa2aa2fb3151bc917e6e2646d7667dcf",
                "sha256:7a4f97a081603d2050bfaffdefa5b02a9ec823f8348a572e39032caa8404a487",
                "sha256:7b1bef6280950ee6c177b326508f86cad7ad4dff12454483b51d8b7d673a2c5d",
                "sha256:7d053096f67cd1241601111b698f5cad775f97ab25d81567d3f59219b5f1adbd",
                "sha256:804a4d582ba6e5b747c625bf1255e6b1507465494a40a2130978bda7b932c90b",
                "sha256:807f52c1f798eef6cf26beb819eeb8819b1622ddfeef9d0977a8502d4db6d534",
                "sha256:80ed5e856eb7f30115aaf94e4a08114ccc8813e6ed1b5efa74f9f82e8509858f",
                "sha256:8417cb1f36cc0bc7eaba8ccb0e04d55f0ee52df06df3ad55259b9a323555fc8b",
                "sha256:8436c508b408b82d87dc5f62496973a1805cd46727c34440b0d29d8a2f50a6c9",
                "sha256:89149166622f4db9b4b6a449256291dc87a99ee53151c74cbd82a53c8c2f6ccd",
                "sha256:8bfa33f4f2672964266e940dd22a195989ba31669bd84629f05fab3ef4e2d125",
                "sha256:8c60ca7339acd497a55b0ea5d506b2a2612afb2826560416f6894e8b5770d4a9",
                "sha256:91b36a978b5ae0ee86c394f5a54d6ef44db1de0815eb43de826d41d21e4af3de",
                "sha256:955f8851919303c92343d2f66165294848d57e9bba6cf6e3625485a70a038d11",
                "sha256:97f68b8d6831127e4787ad15e6757232e14e12060bec17091b85eb1486b91d8d",
                "sha256:9b23ca7ef998bc739bf6ffc077c2116917eabcc901f88da1b9856b210ef63f35",
                "sha256:9f0b8b1c6d84c8034a44893aba5e767bf9c7a211e313a9605d9c617d7083829f",
                "sha256:aabfa34badd18f1da5ec1bc2715cadc8dca465868a4e73a0173466b688f29dda",
                "sha256:ab36c8eb7e454e34e60eb55ca5d241a5d18b2c6244f6827a30e451c42410b5f7",
                "sha256:b010a7a4fd316c3c484d482922d13044979e78d1861f0e0650423144c616a46a",
                "sha256:b1ac5992a838106edb89654e0aebfc24f5848ae2547d22c2c3f66454daa11971",
                "sha256:b7b2d86dd06bfc2ade3312a83a5c364c7ec2e3498f8734282c6c3d4b07b346b8",
                "sha256:b97e690a2118911e39b4042088092771b4ae3fc3aa86518f84b8cf6888dbdb41",
                "sha256:bc2722592d8998c870fa4e290c2eec2c1569b87fe58618e67d38b4665dfa680d",
                "sha256:c0429126cf75e16c4f0ad00ee0eae4242dc652290f940152ca8c75c3a4b6ee8f",
                "sha256:c30197aa96e8eed02200a83fba2657b4c3acd0f0aa4bdc9f6c1af8e8962e0757",
                "sha256:c4c3e6da02df6fa1410a7680bd3f63d4f710232d3139089536310d027950696a",
                "sha256:c75cb2a3e389853835e84a2d8fb2b81a10645b503eca9bcb98df6b5a43eb8886",
                "sha256:c96836c97b1238e9c9e3fe90844c947d5afbf4f4c92762679acfe19927d81d77",
                "sha256:d7f50a1f8c450f3925cb367d011448c39239bb3eb4117c36a6d354794de4ce76",
                "sha256:d973f03c0cb71c5ed99037b870f2be986c3c05e63622c017ea9816881d2dd247",
                "sha256:d98b1668f06378c6dbefec3b92299716b931cd4e6061f3c875a71ced1780ab85",
                "sha256:d9c3cdf5390dcd29aa8056d13e8e99526cda0305acc038b96b30352aff5ff2bb",
                "sha256:dad3e487649f498dd991eeb901125411559b22e8d7ab25d3aeb1af367df5efd7",
                "sha256:dccbe65bd2f7f7ec22c4ff99ed56faa1e9f785482b9bbd7c717e26fd723a1d1e",
                "sha256:dd78cfcda14a1ef52584dbb008f7ac81c1328c0f58184bf9a84c49c605002da6",
                "sha256:e218488cd232553829be0664c2292d3af2eeeb94b32bea483cf79ac6a694e037",
                "sha256:e358e64305fe12299a08e08978f51fc21fac060dcfcddd95453eabe5b93ed0e1",
                "sha256:ea0d8d539afa5eb2728aa1932a988a9a7af94f18582ffae4bc10b3fbdad0626e",
                "sha256:eab677309cdb30d047996b36d34caeda1dc91149e4fdca0b1a039b3f79d9a807",
                "sha256:eb8178fe3dba6450a3e024e95ac49ed3400e506fd4e9e5c32d30adda88cbd407",
                "sha256:ecddf25bee22fe4fe3737a399d0d177d72bc22be6913acfab364b40bce1ba83c",
                "sha256:eea6ee1db730b3483adf394ea72f808b6e18cf3cb6454b4d86e04fa8c4327a12",
                "sha256:f08ff5e948271dc7e18a35641d2f11a4cd8dfd5634f55228b691e62b37125eb3",
                "sha256:f30bf9fd9be89ecb2360c7d94a711f00c09b976258846efe40db3d05828e8089",
                "sha256:fa88b843d6e211393a37219e6a1c1df99d35e8fd90446f1118f4216e307e48cd",
                "sha256:fc54db6c8593ef7d4b2a331b58653356cf04f67c960f584edb7c3d8c97e8f39e",
                "sha256:fd4ec41f914fa74ad1b8304bbc634b3de73d2a0889bd32076342a573e0779e00",
                "sha256:ffc9202a29ab3920fa812879e95a9e78b2465fd10be7fcbd042899695d75e616"
            ],
            "markers": "python_version >= '3.7'",
            "version": "==3.4.1"
        },
        "click": {
            "hashes": [
                "sha256:63c132bbbed01578a06712a2d1f497bb62d9c1c0d329b7903a866228027263b2",
                "sha256:ed53c9d8990d83c2a27deae68e4ee337473f6330c040a31d4225c9574d16096a"
            ],
            "markers": "python_version >= '3.7'",
            "version": "==8.1.8"
        },
        "dotenv": {
            "hashes": [
                "sha256:29cf74a087b31dafdb5a446b6d7e11cbce8ed2741540e2339c69fbef92c94ce9"
            ],
            "index": "pypi",
            "version": "==0.9.9"
        },
        "exceptiongroup": {
            "hashes": [
                "sha256:3111b9d131c238bec2f8f516e123e14ba243563fb135d3fe885990585aa7795b",
                "sha256:47c2edf7c6738fafb49fd34290706d1a1a2f4d1c6df275526b62cbb4aa5393cc"
            ],
            "markers": "python_version >= '3.7'",
            "version": "==1.2.2"
        },
        "fastapi": {
            "extras": [
                "standart"
            ],
            "hashes": [
                "sha256:32e1541b7b74602e4ef4a0260ecaf3aadf9d4f19590bba3e1bf2ac4666aa2c64",
                "sha256:cc81f03f688678b92600a65a5e618b93592c65005db37157147204d8924bf94f"
            ],
            "markers": "python_version >= '3.8'",
            "version": "==0.115.11"
        },
        "greenlet": {
            "hashes": [
                "sha256:0153404a4bb921f0ff1abeb5ce8a5131da56b953eda6e14b88dc6bbc04d2049e",
                "sha256:03a088b9de532cbfe2ba2034b2b85e82df37874681e8c470d6fb2f8c04d7e4b7",
                "sha256:04b013dc07c96f83134b1e99888e7a79979f1a247e2a9f59697fa14b5862ed01",
                "sha256:05175c27cb459dcfc05d026c4232f9de8913ed006d42713cb8a5137bd49375f1",
                "sha256:09fc016b73c94e98e29af67ab7b9a879c307c6731a2c9da0db5a7d9b7edd1159",
                "sha256:0bbae94a29c9e5c7e4a2b7f0aae5c17e8e90acbfd3bf6270eeba60c39fce3563",
                "sha256:0fde093fb93f35ca72a556cf72c92ea3ebfda3d79fc35bb19fbe685853869a83",
                "sha256:1443279c19fca463fc33e65ef2a935a5b09bb90f978beab37729e1c3c6c25fe9",
                "sha256:1776fd7f989fc6b8d8c8cb8da1f6b82c5814957264d1f6cf818d475ec2bf6395",
                "sha256:1d3755bcb2e02de341c55b4fca7a745a24a9e7212ac953f6b3a48d117d7257aa",
                "sha256:23f20bb60ae298d7d8656c6ec6db134bca379ecefadb0b19ce6f19d1f232a942",
                "sha256:275f72decf9932639c1c6dd1013a1bc266438eb32710016a1c742df5da6e60a1",
                "sha256:2846930c65b47d70b9d178e89c7e1a69c95c1f68ea5aa0a58646b7a96df12441",
                "sha256:3319aa75e0e0639bc15ff54ca327e8dc7a6fe404003496e3c6925cd3142e0e22",
                "sha256:346bed03fe47414091be4ad44786d1bd8bef0c3fcad6ed3dee074a032ab408a9",
                "sha256:36b89d13c49216cadb828db8dfa6ce86bbbc476a82d3a6c397f0efae0525bdd0",
                "sha256:37b9de5a96111fc15418819ab4c4432e4f3c2ede61e660b1e33971eba26ef9ba",
                "sha256:396979749bd95f018296af156201d6211240e7a23090f50a8d5d18c370084dc3",
                "sha256:3b2813dc3de8c1ee3f924e4d4227999285fd335d1bcc0d2be6dc3f1f6a318ec1",
                "sha256:411f015496fec93c1c8cd4e5238da364e1da7a124bcb293f085bf2860c32c6f6",
                "sha256:47da355d8687fd65240c364c90a31569a133b7b60de111c255ef5b606f2ae291",
                "sha256:48ca08c771c268a768087b408658e216133aecd835c0ded47ce955381105ba39",
                "sha256:4afe7ea89de619adc868e087b4d2359282058479d7cfb94970adf4b55284574d",
                "sha256:4ce3ac6cdb6adf7946475d7ef31777c26d94bccc377e070a7986bd2d5c515467",
                "sha256:4ead44c85f8ab905852d3de8d86f6f8baf77109f9da589cb4fa142bd3b57b475",
                "sha256:54558ea205654b50c438029505def3834e80f0869a70fb15b871c29b4575ddef",
                "sha256:5e06afd14cbaf9e00899fae69b24a32f2196c19de08fcb9f4779dd4f004e5e7c",
                "sha256:62ee94988d6b4722ce0028644418d93a52429e977d742ca2ccbe1c4f4a792511",
                "sha256:63e4844797b975b9af3a3fb8f7866ff08775f5426925e1e0bbcfe7932059a12c",
                "sha256:6510bf84a6b643dabba74d3049ead221257603a253d0a9873f55f6a59a65f822",
                "sha256:667a9706c970cb552ede35aee17339a18e8f2a87a51fba2ed39ceeeb1004798a",
                "sha256:6ef9ea3f137e5711f0dbe5f9263e8c009b7069d8a1acea822bd5e9dae0ae49c8",
                "sha256:7017b2be767b9d43cc31416aba48aab0d2309ee31b4dbf10a1d38fb7972bdf9d",
                "sha256:7124e16b4c55d417577c2077be379514321916d5790fa287c9ed6f23bd2ffd01",
                "sha256:73aaad12ac0ff500f62cebed98d8789198ea0e6f233421059fa68a5aa7220145",
                "sha256:77c386de38a60d1dfb8e55b8c1101d68c79dfdd25c7095d51fec2dd800892b80",
                "sha256:7876452af029456b3f3549b696bb36a06db7c90747740c5302f74a9e9fa14b13",
                "sha256:7939aa3ca7d2a1593596e7ac6d59391ff30281ef280d8632fa03d81f7c5f955e",
                "sha256:8320f64b777d00dd7ccdade271eaf0cad6636343293a25074cc5566160e4de7b",
                "sha256:85f3ff71e2e60bd4b4932a043fbbe0f499e263c628390b285cb599154a3b03b1",
                "sha256:8b8b36671f10ba80e159378df9c4f15c14098c4fd73a36b9ad715f057272fbef",
                "sha256:93147c513fac16385d1036b7e5b102c7fbbdb163d556b791f0f11eada7ba65dc",
                "sha256:935e943ec47c4afab8965954bf49bfa639c05d4ccf9ef6e924188f762145c0ff",
                "sha256:94b6150a85e1b33b40b1464a3f9988dcc5251d6ed06842abff82e42632fac120",
                "sha256:94ebba31df2aa506d7b14866fed00ac141a867e63143fe5bca82a8e503b36437",
                "sha256:95ffcf719966dd7c453f908e208e14cde192e09fde6c7186c8f1896ef778d8cd",
                "sha256:98884ecf2ffb7d7fe6bd517e8eb99d31ff7855a840fa6d0d63cd07c037f6a981",
                "sha256:99cfaa2110534e2cf3ba31a7abcac9d328d1d9f1b95beede58294a60348fba36",
                "sha256:9e8f8c9cb53cdac7ba9793c276acd90168f416b9ce36799b9b885790f8ad6c0a",
                "sha256:a0dfc6c143b519113354e780a50381508139b07d2177cb6ad6a08278ec655798",
                "sha256:b2795058c23988728eec1f36a4e5e4ebad22f8320c85f3587b539b9ac84128d7",
                "sha256:b42703b1cf69f2aa1df7d1030b9d77d3e584a70755674d60e710f0af570f3761",
                "sha256:b7cede291382a78f7bb5f04a529cb18e068dd29e0fb27376074b6d0317bf4dd0",
                "sha256:b8a678974d1f3aa55f6cc34dc480169d58f2e6d8958895d68845fa4ab566509e",
                "sha256:b8da394b34370874b4572676f36acabac172602abf054cbc4ac910219f3340af",
                "sha256:c3a701fe5a9695b238503ce5bbe8218e03c3bcccf7e204e455e7462d770268aa",
                "sha256:c4aab7f6381f38a4b42f269057aee279ab0fc7bf2e929e3d4abfae97b682a12c",
                "sha256:ca9d0ff5ad43e785350894d97e13633a66e2b50000e8a183a50a88d834752d42",
                "sha256:d0028e725ee18175c6e422797c407874da24381ce0690d6b9396c204c7f7276e",
                "sha256:d21e10da6ec19b457b82636209cbe2331ff4306b54d06fa04b7c138ba18c8a81",
                "sha256:d5e975ca70269d66d17dd995dafc06f1b06e8cb1ec1e9ed54c1d1e4a7c4cf26e",
                "sha256:da7a9bff22ce038e19bf62c4dd1ec8391062878710ded0a845bcf47cc0200617",
                "sha256:db32b5348615a04b82240cc67983cb315309e88d444a288934ee6ceaebcad6cc",
                "sha256:dcc62f31eae24de7f8dce72134c8651c58000d3b1868e01392baea7c32c247de",
                "sha256:dfc59d69fc48664bc693842bd57acfdd490acafda1ab52c7836e3fc75c90a111",
                "sha256:e347b3bfcf985a05e8c0b7d462ba6f15b1ee1c909e2dcad795e49e91b152c383",
                "sha256:e4d333e558953648ca09d64f13e6d8f0523fa705f51cae3f03b5983489958c70",
                "sha256:ed10eac5830befbdd0c32f83e8aa6288361597550ba669b04c48f0f9a2c843c6",
                "sha256:efc0f674aa41b92da8c49e0346318c6075d734994c3c4e4430b1c3f853e498e4",
                "sha256:f1695e76146579f8c06c1509c7ce4dfe0706f49c6831a817ac04eebb2fd02011",
                "sha256:f1d4aeb8891338e60d1ab6127af1fe45def5259def8094b9c7e34690c8858803",
                "sha256:f406b22b7c9a9b4f8aa9d2ab13d6ae0ac3e85c9a809bd590ad53fed2bf70dc79",
                "sha256:f6ff3b14f2df4c41660a7dec01045a045653998784bf8cfcb5a525bdffffbc8f"
            ],
            "markers": "python_version >= '3.7'",
            "version": "==3.1.1"
        },
        "h11": {
            "hashes": [
                "sha256:8f19fbbe99e72420ff35c00b27a34cb9937e902a8b810e2c88300c6f0a3b699d",
                "sha256:e3fe4ac4b851c468cc8363d500db52c2ead036020723024a109d37346efaa761"
            ],
            "markers": "python_version >= '3.7'",
            "version": "==0.14.0"
        },
        "idna": {
            "hashes": [
                "sha256:12f65c9b470abda6dc35cf8e63cc574b1c52b11df2c86030af0ac09b01b13ea9",
                "sha256:946d195a0d259cbba61165e88e65941f16e9b36ea6ddb97f00452bae8b1287d3"
            ],
            "markers": "python_version >= '3.6'",
            "version": "==3.10"
        },
        "pydantic": {
            "hashes": [
                "sha256:47ea8082d748ee14f7be613787e32b76111112add84eb6e313cc47000c4cd4e8",
                "sha256:d7c1cc3a053845383d00e6f3d455e9b374fe21e3c52083a5e7bcd8202bcb5103"
            ],
            "index": "pypi",
            "markers": "python_version >= '3.9'",
            "version": "==2.11.0b1"
        },
        "pydantic-core": {
            "hashes": [
                "sha256:01e6a7173a70985d9d27b572f488e3fafacbd81315e997607ef98c83e6ef91a8",
                "sha256:02b25655c0ebc6a1c20832249708e8202257a12faa9c1f8ad9999937fc22238f",
                "sha256:0b117f729047ade65353241cfb82cc4e62aa887dca89f5ba9778c3445098821d",
                "sha256:0b647890355b721aa0cc03de2529c8d6d5da55d855c0f08b8b100792db71c121",
                "sha256:0c3b5b770ea6c1ad8316ea67e71e7fbedd4830cfd9bbb4a82d0a78a091c168aa",
                "sha256:0d90da581080dba775be3a1e9f5f612ec148a43dd52b32963ea2ec3819aa3457",
                "sha256:0e18585e348f1a139a89614169cc44c320918a03b464f5cd83c405ebe0668064",
                "sha256:0e915a3b80909c9b138c7c61885f726f7d6edc91dc6238699fa3d4fcd934847c",
                "sha256:100670221291a804d15826793f9f06e01e995ef57f9331ffa28821c8b1a0dc32",
                "sha256:162834c21ddcc974c7952ef684f5e27ea183c77e37d2e63d5e3963cd9b76af5f",
                "sha256:17356f4f0c704adbf1e414e407ee44a478ebc3a77d84b499b3dfebc26f9abd2f",
                "sha256:177f32ce90f007b8882ab1b2afceb91d95c0890100afe953f34bf7cf6c25b1ba",
                "sha256:1c13d1047e331c2b560d9047b4dfab113f46422b5eb93fa54028749e33f6cd07",
                "sha256:1c5f89c0eb10508bb6b973ff9b8da509f5981ec323600c7855f4f77666b59400",
                "sha256:1e3b94eadb93b4763f8530cf6ec35d5a1fe1b2bcb267e98e39a1c3131e3a16ca",
                "sha256:209a14f06306992aac0da42c71c4ae106bf63bc722b845e6904148df6b8c54ed",
                "sha256:22a19c51e81c6c2c2cf95126d5307bdf9ad15dbe222bbb17fee775034786df31",
                "sha256:23dbcc742114fa5df9422820990e3218305a1cf4914fda9c0f20295dab85ec78",
                "sha256:249f142fa1f3b9a90df07b62d7adcb2f4aa9e407f11713fa5aa3fa0fc388cc67",
                "sha256:252a2f101e4e12ac29f69431b42e92e0ff2916e0995c14e9a37eb9f9ea2590e1",
                "sha256:28a1095c7c681a48d691cf78d1d82b8e6dc926d43e37c4dc5be15ab46e6602ec",
                "sha256:2a42c1cad6ac325160dfc0f42282b668eb7460c1345d9b3d172ea39e2ba1b56c",
                "sha256:2e61b1197fb1c480abf8d38d96ae24b0becab33cb070bcf32e2dfae7a65c38a4",
                "sha256:2e91bc0822673e4bd97b8dd68430c75f0d2e8833a079c72a7f0cdbcb23754b48",
                "sha256:30d971cf4b096de1ca23d94ee2749399a8066eba59ea8942d2601d6dd5206d0c",
                "sha256:35b3a2153215300deddff2250bd5b75f9f8e5861904addfd008d64ed83af0458",
                "sha256:3b3ddf99b10cdbad4b7bfc1471ed9d6d84707aa34b853ae34dc472902d4633a6",
                "sha256:406da5048108b523d8cdb65fc7886d88929b47fad95cc1ed9bb17a9babd49d70",
                "sha256:42486edacd070c9ad469f72cf115d5621917af5ed10cbfa672f3448ffcddb940",
                "sha256:42f8c80b601d6cb73410994dfdd7171aea37c9266d716ea760123b1e68e45f79",
                "sha256:457d959e81ab2f2742cea7622e613a184652bdf2222fa8aad17c8497bbb61320",
                "sha256:461b5f1a250d52a9756ebcc40067aa2c9c4fc6ddd9de3056f19fbb26e48801fd",
                "sha256:48a16c9d09871d8a6a66d4846a733c4afa8fcd2449cc16f6a61addfa3db7f835",
                "sha256:4b4122ed9098132dacf11e0738250dc3acc9adbe5c55daf3cd9628ef27706bcb",
                "sha256:4e7f2846b1c0440d93de69ab96fb65f9d9c485e7679d73affec3b8c43ce91b18",
                "sha256:507a2c647a6fdedd996de695775cebf736012f060657931dd6301316f56a7cdd",
                "sha256:54df1e02d028bb0416d2eb410651fc92ff0b1f7b4e1fb884d34ce3cd8ed0bdbb",
                "sha256:55b675f60573b04e48b1f21e21618cbd122c29ec7a48dde74ec4e6c4386a3f5c",
                "sha256:5961f1e8442bbcbea44c67bc4412c6b381e21d0b447066e4bf3219da6a059f26",
                "sha256:599fa25b2cb32622e77f2a7fcd77e85a6bd32019f43071e81794eb414c3ed07f",
                "sha256:5b708d7061772954c74db04f5b2b547690bac0d3b2c5df2e6d693c42d297c62f",
                "sha256:5bbd84f5260921eff94d539bc77fa7a691af872fa0b1a8927a7099b4c0ea3ea9",
                "sha256:5d3e7dbff0a4a8c849af7567c402ed5803be98256d9d49848aa3cc52dab803d8",
                "sha256:5f5617bb84b5a248c875c2494f5ea8afab56d83753e4ee079d14b72563b812c7",
                "sha256:604a39b2e9efed07d577054594f9b0e1e0056d532b8350818635077c23854603",
                "sha256:611822c92289928e85c0712a00736671ec0b897bea6196db51f631919be65070",
                "sha256:620030579fe91bff34cb5b9e0e2804172787ecc333d00fce7246ebc7b70d84a1",
                "sha256:6227083598fc78463840a8af27345cdfd5f553eef7b1f960282ee8ffa482a38f",
                "sha256:63eebb73d354265312caf38f24226dbc5488be8a7ba629d1b4ee2d71f50a8d7a",
                "sha256:657a1c2157b9c5725fab46547674884a123b588f1c9dc5a1190984536b38b7cb",
                "sha256:671f6dee7e447484ff455c626f38d9d20889a6db41adb29208ea06b3811b552e",
                "sha256:6928036f79b1c990a90144aafaeecc7a6000b5fd31455e1f2c0faae61d9f065b",
                "sha256:6e48dd8878cf08b08c15e6273342c9f6835b8d0107a6793a0ac3f6107824a709",
                "sha256:6efc351e86ae9c5a3d9db1fae62c26a6e5a5b61f4c4c97ba876f85bacd66f7a1",
                "sha256:71faa936976e4acac68a02b00644543f8627dfe7d020f522c5ac0ac6afcbd8d0",
                "sha256:730839a83ea97655871174df65ac82840f44d40ca8ee354d3a29bbfc644c6b73",
                "sha256:75af762d41c773f9000c457530a65484656b6eb142875de82ae05f89c74957d4",
                "sha256:75c0114af60cfcaeef975044383398c1b875cebb4e70ad4977a2b4c3d298f832",
                "sha256:78fd06ddc636954da7f91051069705e46bd2c4a1f1e7564818879f9c0ed6f4b8",
                "sha256:7ab83864346cab0376d3069ae7450515a206114a14f2af8cc104f1717c557e16",
                "sha256:7e964a044934c92e03cefcec47970d8b3e60f480e72612721cb295153cfb3011",
                "sha256:7f2cb44f54a213397560b17528cf6080ff3a981a2dce9596dfc127d6658075db",
                "sha256:841ae45652d3cc511c41f621be32ee73b83a04a58fc5df87204c9161edd70119",
                "sha256:8597c6d74ac1015e831cc705b6a73df229ffe5049db008c38536bbe160ac91d5",
                "sha256:88e7d9d4c309b6da26ecb032d44709f7171e92cefa71d3f295f8e84a55df8f4d",
                "sha256:89114007ba33063284de20e2f5d6c99dc836d3766e4ec690a25a0ad00efec0cb",
                "sha256:8efcca3de222d6fe1b0e24c975fab2723d211ad6ddd14eab91ddd6ca183e7fca",
                "sha256:9c39d7c431ff980a1c2d2cd1e2b33a7f825cd248f9598d12a0417758e938106e",
                "sha256:9deafe434682b48277c177f0dff06f5bf7216120db2e72a1f87c5a43299547a4",
                "sha256:a0085ef0355b9546c1c46447874026527f88ebd1a56a8c6086cee9c635b3e2a1",
                "sha256:a31f875dce771d4cd2d3480e377bdb84ec76bdc102896161bb669c1944671e80",
                "sha256:a3fd43db41bb9199ed655b6f2ee889d3167f037393a97391e680a7c79bdfefad",
                "sha256:a425e35837d81661a1b03a53aee192d88e64b69d339927ce9f945f0339c06ff0",
                "sha256:a5bce6f7a20eb52708b4363298f527a9c136ab429bf8f178e58a31645367e667",
                "sha256:a63e6e154c8753769b46105389df9782a4415ff8308afe55424e531c5a412aa7",
                "sha256:a9284d7adac022ffd953a828ad562dcc923e4e5e3eee10f94ba8b7cedfde4c38",
                "sha256:a9cc2f56cba2b78b487325ff3de016a70670b615eaf00cad88cb17f271e01971",
                "sha256:a9f388d03a19dd61270058a2bf0560fa26d1debcfd35d4d2c84733e9c2ba5df3",
                "sha256:af71f54429a4a8a3e34f9eed2f6184ca237a5d44598096aa097fcd04a7cf5b2e",
                "sha256:b47b423b70e06be38800c81372d8985d8487db2e9e60e5d7469e134f15073439",
                "sha256:bae17c456cc0d2a31b56acd5eb6b99ef3a116c7861bf4845d58cd0f32d138678",
                "sha256:c85682c0347723c1279ef3c541e17f00f07dd0dee56fe9787b427d66567dae43",
                "sha256:c8e2b8c1768efbdc8c0df9717d84eaf6cd2d9315753c630a06bf3ada98785d30",
                "sha256:caa24dcf69732eb626b8d9d8c65a6f87c592629f39dac570304bde731c7bb8b0",
                "sha256:d2eaec2e173836cf3eccf765a55d08de50b4e6d7bd2ac48eeadd207ba6507c03",
                "sha256:d54f9908799261266954179bb3e45c2c1752657a6d6eb5f03e3f973f1bafcc42",
                "sha256:d681ac8dc147d174447d01b9ef7332d77d4f51f6b9925c81341032515ab2f7e7",
                "sha256:d87b5507ed164c2ee66da6848a842c221879095a1dce759218aaa9ccf94c66dc",
                "sha256:dd286557c4e3b1633c11f282616114896817610b1f9a41c3a9f2047d508a5350",
                "sha256:deb440c27d9c349e6989885f55ae43f3176e1da0753895a050b0a51766580bcc",
                "sha256:e447a75f0d85a056f9f3708e06f2fc5632bec4722a420d1280814da396943b7e",
                "sha256:e725afbbb6bd9d7678210b51efd841910328e3b6810a3d1d858d7ae1d10a214c",
                "sha256:e831e0d3de62ed2602382e61b144a02b5fc0d32d64654aaf438c771aa5e9ed59",
                "sha256:eaa17e5ad58baae609294d1996c0465435b2966cef68fc782cc2453a55df02db",
                "sha256:ee75ec43c8ef0624b3a2ce5c978154f9dc6c4fca2e651113aad6d3debb85be84",
                "sha256:efb6559e8854c5b389867cc81eb438837bffd5bb6874890f22cb6c0dbc0a1f7e",
                "sha256:f4e5db80cd0b307193306bcaaeca1bd4127a6de2f77bfcc02d70f1c5c88d9382",
                "sha256:f9ba2db55da01cb0a93e251d5bd12456864084466fd4371d093a490cca0d673d",
                "sha256:fd3f3725c01219466df8ed57c58e1fce63a5404db6b57cb4bd89ab6104d5ee6c"
            ],
            "markers": "python_version >= '3.9'",
            "version": "==2.31.1"
        },
        "pydantic-settings": {
            "hashes": [
                "sha256:81942d5ac3d905f7f3ee1a70df5dfb62d5569c12f51a5a647defc1c3d9ee2e9c",
                "sha256:d5c663dfbe9db9d5e1c646b2e161da12f0d734d422ee56f567d0ea2cee4e8585"
            ],
            "index": "pypi",
            "markers": "python_version >= '3.8'",
            "version": "==2.8.1"
        },
        "python-dotenv": {
            "hashes": [
                "sha256:e324ee90a023d808f1959c46bcbc04446a10ced277783dc6ee09987c37ec10ca",
                "sha256:f7b63ef50f1b690dddf550d03497b66d609393b40b564ed0d674909a68ebf16a"
            ],
            "markers": "python_version >= '3.8'",
            "version": "==1.0.1"
        },
        "requests": {
            "hashes": [
                "sha256:55365417734eb18255590a9ff9eb97e9e1da868d4ccd6402399eaf68af20a760",
                "sha256:70761cfe03c773ceb22aa2f671b4757976145175cdfca038c02654d061d6dcc6"
            ],
            "index": "pypi",
            "markers": "python_version >= '3.8'",
            "version": "==2.32.3"
        },
        "sniffio": {
            "hashes": [
                "sha256:2f6da418d1f1e0fddd844478f41680e794e6051915791a034ff65e5f100525a2",
                "sha256:f4324edc670a0f49750a81b895f35c3adb843cca46f0530f79fc1babb23789dc"
            ],
            "markers": "python_version >= '3.7'",
            "version": "==1.3.1"
        },
        "sqlalchemy": {
            "hashes": [
                "sha256:018ee97c558b499b58935c5a152aeabf6d36b3d55d91656abeb6d93d663c0c4c",
                "sha256:01da15490c9df352fbc29859d3c7ba9cd1377791faeeb47c100832004c99472c",
                "sha256:04545042969833cb92e13b0a3019549d284fd2423f318b6ba10e7aa687690a3c",
                "sha256:06205eb98cb3dd52133ca6818bf5542397f1dd1b69f7ea28aa84413897380b06",
                "sha256:08cf721bbd4391a0e765fe0fe8816e81d9f43cece54fdb5ac465c56efafecb3d",
                "sha256:0d7e3866eb52d914aea50c9be74184a0feb86f9af8aaaa4daefe52b69378db0b",
                "sha256:125a7763b263218a80759ad9ae2f3610aaf2c2fbbd78fff088d584edf81f3782",
                "sha256:23c5aa33c01bd898f879db158537d7e7568b503b15aad60ea0c8da8109adf3e7",
                "sha256:2600a50d590c22d99c424c394236899ba72f849a02b10e65b4c70149606408b5",
                "sha256:2d7332868ce891eda48896131991f7f2be572d65b41a4050957242f8e935d5d7",
                "sha256:2ed107331d188a286611cea9022de0afc437dd2d3c168e368169f27aa0f61338",
                "sha256:3395e7ed89c6d264d38bea3bfb22ffe868f906a7985d03546ec7dc30221ea980",
                "sha256:344cd1ec2b3c6bdd5dfde7ba7e3b879e0f8dd44181f16b895940be9b842fd2b6",
                "sha256:34d5c49f18778a3665d707e6286545a30339ad545950773d43977e504815fa70",
                "sha256:35e72518615aa5384ef4fae828e3af1b43102458b74a8c481f69af8abf7e802a",
                "sha256:3eb14ba1a9d07c88669b7faf8f589be67871d6409305e73e036321d89f1d904e",
                "sha256:412c6c126369ddae171c13987b38df5122cb92015cba6f9ee1193b867f3f1530",
                "sha256:4600c7a659d381146e1160235918826c50c80994e07c5b26946a3e7ec6c99249",
                "sha256:463ecfb907b256e94bfe7bcb31a6d8c7bc96eca7cbe39803e448a58bb9fcad02",
                "sha256:4a06e6c8e31c98ddc770734c63903e39f1947c9e3e5e4bef515c5491b7737dde",
                "sha256:4b2de1523d46e7016afc7e42db239bd41f2163316935de7c84d0e19af7e69538",
                "sha256:4dabd775fd66cf17f31f8625fc0e4cfc5765f7982f94dc09b9e5868182cb71c0",
                "sha256:4eff9c270afd23e2746e921e80182872058a7a592017b2713f33f96cc5f82e32",
                "sha256:52607d0ebea43cf214e2ee84a6a76bc774176f97c5a774ce33277514875a718e",
                "sha256:533e0f66c32093a987a30df3ad6ed21170db9d581d0b38e71396c49718fbb1ca",
                "sha256:5493a8120d6fc185f60e7254fc056a6742f1db68c0f849cfc9ab46163c21df47",
                "sha256:5d2d1fe548def3267b4c70a8568f108d1fed7cbbeccb9cc166e05af2abc25c22",
                "sha256:5dfbc543578058c340360f851ddcecd7a1e26b0d9b5b69259b526da9edfa8875",
                "sha256:66a40003bc244e4ad86b72abb9965d304726d05a939e8c09ce844d27af9e6d37",
                "sha256:67de057fbcb04a066171bd9ee6bcb58738d89378ee3cabff0bffbf343ae1c787",
                "sha256:6827f8c1b2f13f1420545bd6d5b3f9e0b85fe750388425be53d23c760dcf176b",
                "sha256:6b35e07f1d57b79b86a7de8ecdcefb78485dab9851b9638c2c793c50203b2ae8",
                "sha256:7399d45b62d755e9ebba94eb89437f80512c08edde8c63716552a3aade61eb42",
                "sha256:788b6ff6728072b313802be13e88113c33696a9a1f2f6d634a97c20f7ef5ccce",
                "sha256:78f1b79132a69fe8bd6b5d91ef433c8eb40688ba782b26f8c9f3d2d9ca23626f",
                "sha256:79f4f502125a41b1b3b34449e747a6abfd52a709d539ea7769101696bdca6716",
                "sha256:7a8517b6d4005facdbd7eb4e8cf54797dbca100a7df459fdaff4c5123265c1cd",
                "sha256:7bd5c5ee1448b6408734eaa29c0d820d061ae18cb17232ce37848376dcfa3e92",
                "sha256:7f5243357e6da9a90c56282f64b50d29cba2ee1f745381174caacc50d501b109",
                "sha256:805cb481474e111ee3687c9047c5f3286e62496f09c0e82e8853338aaaa348f8",
                "sha256:871f55e478b5a648c08dd24af44345406d0e636ffe021d64c9b57a4a11518304",
                "sha256:87a1ce1f5e5dc4b6f4e0aac34e7bb535cb23bd4f5d9c799ed1633b65c2bcad8c",
                "sha256:8a10ca7f8a1ea0fd5630f02feb055b0f5cdfcd07bb3715fc1b6f8cb72bf114e4",
                "sha256:995c2bacdddcb640c2ca558e6760383dcdd68830160af92b5c6e6928ffd259b4",
                "sha256:9f03143f8f851dd8de6b0c10784363712058f38209e926723c80654c1b40327a",
                "sha256:a1c6b0a5e3e326a466d809b651c63f278b1256146a377a528b6938a279da334f",
                "sha256:a28f9c238f1e143ff42ab3ba27990dfb964e5d413c0eb001b88794c5c4a528a9",
                "sha256:b2cf5b5ddb69142511d5559c427ff00ec8c0919a1e6c09486e9c32636ea2b9dd",
                "sha256:b761a6847f96fdc2d002e29e9e9ac2439c13b919adfd64e8ef49e75f6355c548",
                "sha256:bf555f3e25ac3a70c67807b2949bfe15f377a40df84b71ab2c58d8593a1e036e",
                "sha256:c08a972cbac2a14810463aec3a47ff218bb00c1a607e6689b531a7c589c50723",
                "sha256:c457a38351fb6234781d054260c60e531047e4d07beca1889b558ff73dc2014b",
                "sha256:c4c433f78c2908ae352848f56589c02b982d0e741b7905228fad628999799de4",
                "sha256:d9f119e7736967c0ea03aff91ac7d04555ee038caf89bb855d93bbd04ae85b41",
                "sha256:e6b0a1c7ed54a5361aaebb910c1fa864bae34273662bb4ff788a527eafd6e14d",
                "sha256:f2bcb085faffcacf9319b1b1445a7e1cfdc6fb46c03f2dce7bc2d9a4b3c1cdc5",
                "sha256:fe193d3ae297c423e0e567e240b4324d6b6c280a048e64c77a3ea6886cc2aa87"
            ],
            "index": "pypi",
            "markers": "python_version >= '3.7'",
            "version": "==2.0.39"
        },
        "starlette": {
            "hashes": [
                "sha256:3c88d58ee4bd1bb807c0d1acb381838afc7752f9ddaec81bbe4383611d833230",
                "sha256:77c74ed9d2720138b25875133f3a2dae6d854af2ec37dceb56aef370c1d8a227"
            ],
            "markers": "python_version >= '3.9'",
            "version": "==0.46.1"
        },
        "typing-extensions": {
            "hashes": [
                "sha256:04e5ca0351e0f3f85c6853954072df659d0d13fac324d0072316b67d7794700d",
                "sha256:1a7ead55c7e559dd4dee8856e3a88b41225abfe1ce8df57b7c13915fe121ffb8"
            ],
            "markers": "python_version >= '3.8'",
            "version": "==4.12.2"
        },
        "typing-inspection": {
            "hashes": [
                "sha256:50e72559fcd2a6367a19f7a7e610e6afcb9fac940c650290eed893d61386832f",
                "sha256:9765c87de36671694a67904bf2c96e395be9c6439bb6c87b5142569dcdd65122"
            ],
            "markers": "python_version >= '3.9'",
            "version": "==0.4.0"
        },
        "urllib3": {
            "hashes": [
                "sha256:1cee9ad369867bfdbbb48b7dd50374c0967a0bb7710050facf0dd6911440e3df",
                "sha256:f8c5449b3cf0861679ce7e0503c7b44b5ec981bec0d1d3795a07f1ba96f0204d"
            ],
            "markers": "python_version >= '3.9'",
            "version": "==2.3.0"
        },
        "uvicorn": {
            "hashes": [
                "sha256:023dc038422502fa28a09c7a30bf2b6991512da7dcdb8fd35fe57cfc154126f4",
                "sha256:404051050cd7e905de2c9a7e61790943440b3416f49cb409f965d9dcd0fa73e9"
            ],
            "index": "pypi",
            "markers": "python_version >= '3.9'",
            "version": "==0.34.0"
        }
    },
    "develop": {}
}
